// !$*UTF8*$!
{
	archiveVersion = 1;
	classes = {
	};
	objectVersion = 56;
	objects = {

/* Begin PBXBuildFile section */
		01BEA2C62BF68E680097C915 /* SMPClientApp.swift in Sources */ = {isa = PBXBuildFile; fileRef = 01BEA2C52BF68E680097C915 /* SMPClientApp.swift */; };
		01BEA2C82BF68E680097C915 /* ContentView.swift in Sources */ = {isa = PBXBuildFile; fileRef = 01BEA2C72BF68E680097C915 /* ContentView.swift */; };
		01BEA2CA2BF68E6B0097C915 /* Assets.xcassets in Resources */ = {isa = PBXBuildFile; fileRef = 01BEA2C92BF68E6B0097C915 /* Assets.xcassets */; };
		01BEA2CE2BF68E6B0097C915 /* Preview Assets.xcassets in Resources */ = {isa = PBXBuildFile; fileRef = 01BEA2CD2BF68E6B0097C915 /* Preview Assets.xcassets */; };
		01BEA2D82BF68E6B0097C915 /* SMPClientTests.swift in Sources */ = {isa = PBXBuildFile; fileRef = 01BEA2D72BF68E6B0097C915 /* SMPClientTests.swift */; };
		01BEA2E22BF68E6B0097C915 /* SMPClientUITests.swift in Sources */ = {isa = PBXBuildFile; fileRef = 01BEA2E12BF68E6B0097C915 /* SMPClientUITests.swift */; };
		01BEA2E42BF68E6B0097C915 /* SMPClientUITestsLaunchTests.swift in Sources */ = {isa = PBXBuildFile; fileRef = 01BEA2E32BF68E6B0097C915 /* SMPClientUITestsLaunchTests.swift */; };
		01BEA2F42BF694170097C915 /* EntryPoint.swift in Sources */ = {isa = PBXBuildFile; fileRef = 01BEA2F32BF694170097C915 /* EntryPoint.swift */; };
		01BEA2F72BF69A3E0097C915 /* AppStandard in Frameworks */ = {isa = PBXBuildFile; productRef = 01BEA2F62BF69A3E0097C915 /* AppStandard */; };
		01BEA2FA2BF69AA70097C915 /* Base.swift in Sources */ = {isa = PBXBuildFile; fileRef = 01BEA2F92BF69AA70097C915 /* Base.swift */; };
		01BEA2FC2BF69B3A0097C915 /* DateFormatter+extension.swift in Sources */ = {isa = PBXBuildFile; fileRef = 01BEA2FB2BF69B3A0097C915 /* DateFormatter+extension.swift */; };
		01BEA2FE2BF69BB40097C915 /* Bundle+json_load.swift in Sources */ = {isa = PBXBuildFile; fileRef = 01BEA2FD2BF69BB40097C915 /* Bundle+json_load.swift */; };
		01BEA3002BF69C280097C915 /* XCTest+extenions.swift in Sources */ = {isa = PBXBuildFile; fileRef = 01BEA2FF2BF69C280097C915 /* XCTest+extenions.swift */; };
		01BEA3022BF6A2270097C915 /* FhirApi+Patient.swift in Sources */ = {isa = PBXBuildFile; fileRef = 01BEA3012BF6A2270097C915 /* FhirApi+Patient.swift */; };
		01BEA31F2BF6A2C70097C915 /* FhirApi+Identifier.swift in Sources */ = {isa = PBXBuildFile; fileRef = 01BEA3032BF6A2C60097C915 /* FhirApi+Identifier.swift */; };
		01BEA3202BF6A2C70097C915 /* FhirApi+Contributor.swift in Sources */ = {isa = PBXBuildFile; fileRef = 01BEA3042BF6A2C60097C915 /* FhirApi+Contributor.swift */; };
		01BEA3212BF6A2C70097C915 /* FhirApi+Meta.swift in Sources */ = {isa = PBXBuildFile; fileRef = 01BEA3052BF6A2C60097C915 /* FhirApi+Meta.swift */; };
		01BEA3222BF6A2C70097C915 /* FhirApi+Money.swift in Sources */ = {isa = PBXBuildFile; fileRef = 01BEA3062BF6A2C60097C915 /* FhirApi+Money.swift */; };
		01BEA3232BF6A2C70097C915 /* FhirApi+ParameterDefinition.swift in Sources */ = {isa = PBXBuildFile; fileRef = 01BEA3072BF6A2C60097C915 /* FhirApi+ParameterDefinition.swift */; };
		01BEA3242BF6A2C70097C915 /* FhirApi+BackboneElement.swift in Sources */ = {isa = PBXBuildFile; fileRef = 01BEA3082BF6A2C60097C915 /* FhirApi+BackboneElement.swift */; };
		01BEA3252BF6A2C70097C915 /* FhirApi+Extension.swift in Sources */ = {isa = PBXBuildFile; fileRef = 01BEA3092BF6A2C60097C915 /* FhirApi+Extension.swift */; };
		01BEA3262BF6A2C70097C915 /* FhirApi.swift in Sources */ = {isa = PBXBuildFile; fileRef = 01BEA30A2BF6A2C60097C915 /* FhirApi.swift */; };
		01BEA3272BF6A2C70097C915 /* FhirApi+Coding.swift in Sources */ = {isa = PBXBuildFile; fileRef = 01BEA30B2BF6A2C60097C915 /* FhirApi+Coding.swift */; };
		01BEA3282BF6A2C70097C915 /* FhirApi+Address.swift in Sources */ = {isa = PBXBuildFile; fileRef = 01BEA30C2BF6A2C60097C915 /* FhirApi+Address.swift */; };
		01BEA3292BF6A2C70097C915 /* FhirApi+Attachment.swift in Sources */ = {isa = PBXBuildFile; fileRef = 01BEA30D2BF6A2C60097C915 /* FhirApi+Attachment.swift */; };
		01BEA32A2BF6A2C70097C915 /* FhirApi+HumanName.swift in Sources */ = {isa = PBXBuildFile; fileRef = 01BEA30E2BF6A2C60097C915 /* FhirApi+HumanName.swift */; };
		01BEA32B2BF6A2C70097C915 /* FhirApi+CodeableReference.swift in Sources */ = {isa = PBXBuildFile; fileRef = 01BEA30F2BF6A2C60097C915 /* FhirApi+CodeableReference.swift */; };
		01BEA32C2BF6A2C70097C915 /* FhirApi+CodeableConcept.swift in Sources */ = {isa = PBXBuildFile; fileRef = 01BEA3102BF6A2C60097C915 /* FhirApi+CodeableConcept.swift */; };
		01BEA32D2BF6A2C70097C915 /* FhirApi+ContactPoint.swift in Sources */ = {isa = PBXBuildFile; fileRef = 01BEA3112BF6A2C60097C915 /* FhirApi+ContactPoint.swift */; };
		01BEA32E2BF6A2C70097C915 /* FhirApi+Duration.swift in Sources */ = {isa = PBXBuildFile; fileRef = 01BEA3122BF6A2C60097C915 /* FhirApi+Duration.swift */; };
		01BEA32F2BF6A2C70097C915 /* FhirApi+Element.swift in Sources */ = {isa = PBXBuildFile; fileRef = 01BEA3132BF6A2C60097C915 /* FhirApi+Element.swift */; };
		01BEA3302BF6A2C70097C915 /* FhirApi+Expression.swift in Sources */ = {isa = PBXBuildFile; fileRef = 01BEA3142BF6A2C60097C915 /* FhirApi+Expression.swift */; };
		01BEA3312BF6A2C70097C915 /* FhirApi+ElementDefinition.swift in Sources */ = {isa = PBXBuildFile; fileRef = 01BEA3152BF6A2C60097C915 /* FhirApi+ElementDefinition.swift */; };
		01BEA3322BF6A2C70097C915 /* FhirApi+MarketingStatus.swift in Sources */ = {isa = PBXBuildFile; fileRef = 01BEA3162BF6A2C60097C915 /* FhirApi+MarketingStatus.swift */; };
		01BEA3332BF6A2C70097C915 /* FhirApi+Narrative.swift in Sources */ = {isa = PBXBuildFile; fileRef = 01BEA3172BF6A2C60097C915 /* FhirApi+Narrative.swift */; };
		01BEA3342BF6A2C70097C915 /* FhirApi+Dosage.swift in Sources */ = {isa = PBXBuildFile; fileRef = 01BEA3182BF6A2C60097C915 /* FhirApi+Dosage.swift */; };
		01BEA3352BF6A2C70097C915 /* FhirApi+ContactDetail.swift in Sources */ = {isa = PBXBuildFile; fileRef = 01BEA3192BF6A2C60097C915 /* FhirApi+ContactDetail.swift */; };
		01BEA3362BF6A2C70097C915 /* FhirApi+DataRequirement.swift in Sources */ = {isa = PBXBuildFile; fileRef = 01BEA31A2BF6A2C60097C915 /* FhirApi+DataRequirement.swift */; };
		01BEA3372BF6A2C70097C915 /* FhirApi+Count.swift in Sources */ = {isa = PBXBuildFile; fileRef = 01BEA31B2BF6A2C60097C915 /* FhirApi+Count.swift */; };
		01BEA3382BF6A2C70097C915 /* FhirApi+Annotation.swift in Sources */ = {isa = PBXBuildFile; fileRef = 01BEA31C2BF6A2C70097C915 /* FhirApi+Annotation.swift */; };
		01BEA3392BF6A2C70097C915 /* FhirApi+Age.swift in Sources */ = {isa = PBXBuildFile; fileRef = 01BEA31D2BF6A2C70097C915 /* FhirApi+Age.swift */; };
		01BEA33A2BF6A2C70097C915 /* FhirApi+Distance.swift in Sources */ = {isa = PBXBuildFile; fileRef = 01BEA31E2BF6A2C70097C915 /* FhirApi+Distance.swift */; };
		01BEA34B2BF6A2E10097C915 /* FhirApi+Signature.swift in Sources */ = {isa = PBXBuildFile; fileRef = 01BEA33B2BF6A2E00097C915 /* FhirApi+Signature.swift */; };
		01BEA34C2BF6A2E10097C915 /* FhirApi+Quantity.swift in Sources */ = {isa = PBXBuildFile; fileRef = 01BEA33C2BF6A2E00097C915 /* FhirApi+Quantity.swift */; };
		01BEA34D2BF6A2E10097C915 /* FhirApi+TriggerDefinition.swift in Sources */ = {isa = PBXBuildFile; fileRef = 01BEA33D2BF6A2E10097C915 /* FhirApi+TriggerDefinition.swift */; };
		01BEA34E2BF6A2E10097C915 /* FhirApi+RelatedArtifact.swift in Sources */ = {isa = PBXBuildFile; fileRef = 01BEA33E2BF6A2E10097C915 /* FhirApi+RelatedArtifact.swift */; };
		01BEA34F2BF6A2E10097C915 /* FhirApi+UsageContext.swift in Sources */ = {isa = PBXBuildFile; fileRef = 01BEA33F2BF6A2E10097C915 /* FhirApi+UsageContext.swift */; };
		01BEA3502BF6A2E10097C915 /* FhirApi+Ratio.swift in Sources */ = {isa = PBXBuildFile; fileRef = 01BEA3402BF6A2E10097C915 /* FhirApi+Ratio.swift */; };
		01BEA3512BF6A2E10097C915 /* FhirDatatype.swift in Sources */ = {isa = PBXBuildFile; fileRef = 01BEA3412BF6A2E10097C915 /* FhirDatatype.swift */; };
		01BEA3522BF6A2E10097C915 /* FhirApi+Period.swift in Sources */ = {isa = PBXBuildFile; fileRef = 01BEA3422BF6A2E10097C915 /* FhirApi+Period.swift */; };
		01BEA3532BF6A2E10097C915 /* FhirApi+Timing.swift in Sources */ = {isa = PBXBuildFile; fileRef = 01BEA3432BF6A2E10097C915 /* FhirApi+Timing.swift */; };
		01BEA3542BF6A2E10097C915 /* FhirApi+Range.swift in Sources */ = {isa = PBXBuildFile; fileRef = 01BEA3442BF6A2E10097C915 /* FhirApi+Range.swift */; };
		01BEA3552BF6A2E10097C915 /* FhirApi+ProdCharacteristic.swift in Sources */ = {isa = PBXBuildFile; fileRef = 01BEA3452BF6A2E10097C915 /* FhirApi+ProdCharacteristic.swift */; };
		01BEA3562BF6A2E10097C915 /* FhirApi+Reference.swift in Sources */ = {isa = PBXBuildFile; fileRef = 01BEA3462BF6A2E10097C915 /* FhirApi+Reference.swift */; };
		01BEA3572BF6A2E10097C915 /* FhirApi+ProductShelfLife.swift in Sources */ = {isa = PBXBuildFile; fileRef = 01BEA3472BF6A2E10097C915 /* FhirApi+ProductShelfLife.swift */; };
		01BEA3582BF6A2E10097C915 /* FhirApi+SampledData.swift in Sources */ = {isa = PBXBuildFile; fileRef = 01BEA3482BF6A2E10097C915 /* FhirApi+SampledData.swift */; };
		01BEA3592BF6A2E10097C915 /* FhirApi+Population.swift in Sources */ = {isa = PBXBuildFile; fileRef = 01BEA3492BF6A2E10097C915 /* FhirApi+Population.swift */; };
		01BEA35A2BF6A2E10097C915 /* FhirApi+RatioRange.swift in Sources */ = {isa = PBXBuildFile; fileRef = 01BEA34A2BF6A2E10097C915 /* FhirApi+RatioRange.swift */; };
		01BEA35C2BF6A46B0097C915 /* FhirResource.swift in Sources */ = {isa = PBXBuildFile; fileRef = 01BEA35B2BF6A46B0097C915 /* FhirResource.swift */; };
		01BEA35E2BF6A68C0097C915 /* FhirApi+MedicationStatement.swift in Sources */ = {isa = PBXBuildFile; fileRef = 01BEA35D2BF6A68C0097C915 /* FhirApi+MedicationStatement.swift */; };
		01BEA3612BF6AACB0097C915 /* FhirApi+WrappedResource.swift in Sources */ = {isa = PBXBuildFile; fileRef = 01BEA35F2BF6AACB0097C915 /* FhirApi+WrappedResource.swift */; };
		01BEA3652BF6C4B40097C915 /* JsonApiClient.swift in Sources */ = {isa = PBXBuildFile; fileRef = 01BEA3642BF6C4B40097C915 /* JsonApiClient.swift */; };
		01BEA3672BF6C5340097C915 /* SMPApi.swift in Sources */ = {isa = PBXBuildFile; fileRef = 01BEA3662BF6C5340097C915 /* SMPApi.swift */; };
		01BEA36D2BF727240097C915 /* FhirApi+List.swift in Sources */ = {isa = PBXBuildFile; fileRef = 01BEA3692BF727240097C915 /* FhirApi+List.swift */; };
		01BEA36E2BF727240097C915 /* FhirApi+Medication.swift in Sources */ = {isa = PBXBuildFile; fileRef = 01BEA36A2BF727240097C915 /* FhirApi+Medication.swift */; };
		01BEA36F2BF727240097C915 /* FhirApi+MedicationRequest.swift in Sources */ = {isa = PBXBuildFile; fileRef = 01BEA36B2BF727240097C915 /* FhirApi+MedicationRequest.swift */; };
		01BEA3702BF727240097C915 /* FhirApi+GlobalEnums.swift in Sources */ = {isa = PBXBuildFile; fileRef = 01BEA36C2BF727240097C915 /* FhirApi+GlobalEnums.swift */; };
		01E493112BF913EF00AA10A3 /* FhirApiResourceParsingTest.swift in Sources */ = {isa = PBXBuildFile; fileRef = 01E493102BF913EF00AA10A3 /* FhirApiResourceParsingTest.swift */; };
		01E493142BF919EB00AA10A3 /* betsy-patient.json in Resources */ = {isa = PBXBuildFile; fileRef = 01E493122BF9152500AA10A3 /* betsy-patient.json */; };
		01E493162BF9291300AA10A3 /* JSONDecoder+extensions.swift in Sources */ = {isa = PBXBuildFile; fileRef = 01E493152BF9291300AA10A3 /* JSONDecoder+extensions.swift */; };
		01E4931A2BF92DC200AA10A3 /* DecoderType.swift in Sources */ = {isa = PBXBuildFile; fileRef = 01E493192BF92DC200AA10A3 /* DecoderType.swift */; };
		01E4931B2BF936D100AA10A3 /* med-request.json in Resources */ = {isa = PBXBuildFile; fileRef = 01E493172BF92D1F00AA10A3 /* med-request.json */; };
		01E4931E2BF93E1500AA10A3 /* med-statement.json in Resources */ = {isa = PBXBuildFile; fileRef = 01E4931C2BF93BE300AA10A3 /* med-statement.json */; };
		01E493202BF9458500AA10A3 /* med-list.json in Resources */ = {isa = PBXBuildFile; fileRef = 01E4931F2BF9458500AA10A3 /* med-list.json */; };
		01E493282BF986D900AA10A3 /* PatientAndDrugs.swift in Sources */ = {isa = PBXBuildFile; fileRef = 01E493262BF9834E00AA10A3 /* PatientAndDrugs.swift */; };
		01E493292BF994C300AA10A3 /* betsy-patient.json in Resources */ = {isa = PBXBuildFile; fileRef = 01BEA3682BF717020097C915 /* betsy-patient.json */; };
		01E4932B2BF9954E00AA10A3 /* SelectPatientPanel.swift in Sources */ = {isa = PBXBuildFile; fileRef = 01E4932A2BF9954E00AA10A3 /* SelectPatientPanel.swift */; };
		01E4932D2BF9A93100AA10A3 /* list-summaries.json in Resources */ = {isa = PBXBuildFile; fileRef = 01E4932C2BF9A93100AA10A3 /* list-summaries.json */; };
		01E4932F2BF9B6DE00AA10A3 /* MedListBundle.swift in Sources */ = {isa = PBXBuildFile; fileRef = 01E4932E2BF9B6DE00AA10A3 /* MedListBundle.swift */; };
		01E493312BFA3FBC00AA10A3 /* med-list-1.json in Resources */ = {isa = PBXBuildFile; fileRef = 01E493302BFA3FBC00AA10A3 /* med-list-1.json */; };
		01E493332BFA406500AA10A3 /* MedicationListPanel.swift in Sources */ = {isa = PBXBuildFile; fileRef = 01E493322BFA406500AA10A3 /* MedicationListPanel.swift */; };
		01E493352BFA5C5D00AA10A3 /* MedicationPanel.swift in Sources */ = {isa = PBXBuildFile; fileRef = 01E493342BFA5C5D00AA10A3 /* MedicationPanel.swift */; };
/* End PBXBuildFile section */

/* Begin PBXContainerItemProxy section */
		01BEA2D42BF68E6B0097C915 /* PBXContainerItemProxy */ = {
			isa = PBXContainerItemProxy;
			containerPortal = 01BEA2BA2BF68E680097C915 /* Project object */;
			proxyType = 1;
			remoteGlobalIDString = 01BEA2C12BF68E680097C915;
			remoteInfo = SMPClient;
		};
		01BEA2DE2BF68E6B0097C915 /* PBXContainerItemProxy */ = {
			isa = PBXContainerItemProxy;
			containerPortal = 01BEA2BA2BF68E680097C915 /* Project object */;
			proxyType = 1;
			remoteGlobalIDString = 01BEA2C12BF68E680097C915;
			remoteInfo = SMPClient;
		};
/* End PBXContainerItemProxy section */

/* Begin PBXFileReference section */
		01BEA2C22BF68E680097C915 /* SMPClient.app */ = {isa = PBXFileReference; explicitFileType = wrapper.application; includeInIndex = 0; path = SMPClient.app; sourceTree = BUILT_PRODUCTS_DIR; };
		01BEA2C52BF68E680097C915 /* SMPClientApp.swift */ = {isa = PBXFileReference; lastKnownFileType = sourcecode.swift; path = SMPClientApp.swift; sourceTree = "<group>"; };
		01BEA2C72BF68E680097C915 /* ContentView.swift */ = {isa = PBXFileReference; lastKnownFileType = sourcecode.swift; path = ContentView.swift; sourceTree = "<group>"; };
		01BEA2C92BF68E6B0097C915 /* Assets.xcassets */ = {isa = PBXFileReference; lastKnownFileType = folder.assetcatalog; path = Assets.xcassets; sourceTree = "<group>"; };
		01BEA2CB2BF68E6B0097C915 /* SMPClient.entitlements */ = {isa = PBXFileReference; lastKnownFileType = text.plist.entitlements; path = SMPClient.entitlements; sourceTree = "<group>"; };
		01BEA2CD2BF68E6B0097C915 /* Preview Assets.xcassets */ = {isa = PBXFileReference; lastKnownFileType = folder.assetcatalog; path = "Preview Assets.xcassets"; sourceTree = "<group>"; };
		01BEA2D32BF68E6B0097C915 /* SMPClientTests.xctest */ = {isa = PBXFileReference; explicitFileType = wrapper.cfbundle; includeInIndex = 0; path = SMPClientTests.xctest; sourceTree = BUILT_PRODUCTS_DIR; };
		01BEA2D72BF68E6B0097C915 /* SMPClientTests.swift */ = {isa = PBXFileReference; lastKnownFileType = sourcecode.swift; path = SMPClientTests.swift; sourceTree = "<group>"; };
		01BEA2DD2BF68E6B0097C915 /* SMPClientUITests.xctest */ = {isa = PBXFileReference; explicitFileType = wrapper.cfbundle; includeInIndex = 0; path = SMPClientUITests.xctest; sourceTree = BUILT_PRODUCTS_DIR; };
		01BEA2E12BF68E6B0097C915 /* SMPClientUITests.swift */ = {isa = PBXFileReference; lastKnownFileType = sourcecode.swift; path = SMPClientUITests.swift; sourceTree = "<group>"; };
		01BEA2E32BF68E6B0097C915 /* SMPClientUITestsLaunchTests.swift */ = {isa = PBXFileReference; lastKnownFileType = sourcecode.swift; path = SMPClientUITestsLaunchTests.swift; sourceTree = "<group>"; };
		01BEA2F32BF694170097C915 /* EntryPoint.swift */ = {isa = PBXFileReference; lastKnownFileType = sourcecode.swift; path = EntryPoint.swift; sourceTree = "<group>"; };
		01BEA2F92BF69AA70097C915 /* Base.swift */ = {isa = PBXFileReference; lastKnownFileType = sourcecode.swift; path = Base.swift; sourceTree = "<group>"; };
		01BEA2FB2BF69B3A0097C915 /* DateFormatter+extension.swift */ = {isa = PBXFileReference; lastKnownFileType = sourcecode.swift; path = "DateFormatter+extension.swift"; sourceTree = "<group>"; };
		01BEA2FD2BF69BB40097C915 /* Bundle+json_load.swift */ = {isa = PBXFileReference; lastKnownFileType = sourcecode.swift; path = "Bundle+json_load.swift"; sourceTree = "<group>"; };
		01BEA2FF2BF69C280097C915 /* XCTest+extenions.swift */ = {isa = PBXFileReference; lastKnownFileType = sourcecode.swift; path = "XCTest+extenions.swift"; sourceTree = "<group>"; };
		01BEA3012BF6A2270097C915 /* FhirApi+Patient.swift */ = {isa = PBXFileReference; fileEncoding = 4; lastKnownFileType = sourcecode.swift; path = "FhirApi+Patient.swift"; sourceTree = "<group>"; };
		01BEA3032BF6A2C60097C915 /* FhirApi+Identifier.swift */ = {isa = PBXFileReference; fileEncoding = 4; lastKnownFileType = sourcecode.swift; path = "FhirApi+Identifier.swift"; sourceTree = "<group>"; };
		01BEA3042BF6A2C60097C915 /* FhirApi+Contributor.swift */ = {isa = PBXFileReference; fileEncoding = 4; lastKnownFileType = sourcecode.swift; path = "FhirApi+Contributor.swift"; sourceTree = "<group>"; };
		01BEA3052BF6A2C60097C915 /* FhirApi+Meta.swift */ = {isa = PBXFileReference; fileEncoding = 4; lastKnownFileType = sourcecode.swift; path = "FhirApi+Meta.swift"; sourceTree = "<group>"; };
		01BEA3062BF6A2C60097C915 /* FhirApi+Money.swift */ = {isa = PBXFileReference; fileEncoding = 4; lastKnownFileType = sourcecode.swift; path = "FhirApi+Money.swift"; sourceTree = "<group>"; };
		01BEA3072BF6A2C60097C915 /* FhirApi+ParameterDefinition.swift */ = {isa = PBXFileReference; fileEncoding = 4; lastKnownFileType = sourcecode.swift; path = "FhirApi+ParameterDefinition.swift"; sourceTree = "<group>"; };
		01BEA3082BF6A2C60097C915 /* FhirApi+BackboneElement.swift */ = {isa = PBXFileReference; fileEncoding = 4; lastKnownFileType = sourcecode.swift; path = "FhirApi+BackboneElement.swift"; sourceTree = "<group>"; };
		01BEA3092BF6A2C60097C915 /* FhirApi+Extension.swift */ = {isa = PBXFileReference; fileEncoding = 4; lastKnownFileType = sourcecode.swift; path = "FhirApi+Extension.swift"; sourceTree = "<group>"; };
		01BEA30A2BF6A2C60097C915 /* FhirApi.swift */ = {isa = PBXFileReference; fileEncoding = 4; lastKnownFileType = sourcecode.swift; path = FhirApi.swift; sourceTree = "<group>"; };
		01BEA30B2BF6A2C60097C915 /* FhirApi+Coding.swift */ = {isa = PBXFileReference; fileEncoding = 4; lastKnownFileType = sourcecode.swift; path = "FhirApi+Coding.swift"; sourceTree = "<group>"; };
		01BEA30C2BF6A2C60097C915 /* FhirApi+Address.swift */ = {isa = PBXFileReference; fileEncoding = 4; lastKnownFileType = sourcecode.swift; path = "FhirApi+Address.swift"; sourceTree = "<group>"; };
		01BEA30D2BF6A2C60097C915 /* FhirApi+Attachment.swift */ = {isa = PBXFileReference; fileEncoding = 4; lastKnownFileType = sourcecode.swift; path = "FhirApi+Attachment.swift"; sourceTree = "<group>"; };
		01BEA30E2BF6A2C60097C915 /* FhirApi+HumanName.swift */ = {isa = PBXFileReference; fileEncoding = 4; lastKnownFileType = sourcecode.swift; path = "FhirApi+HumanName.swift"; sourceTree = "<group>"; };
		01BEA30F2BF6A2C60097C915 /* FhirApi+CodeableReference.swift */ = {isa = PBXFileReference; fileEncoding = 4; lastKnownFileType = sourcecode.swift; path = "FhirApi+CodeableReference.swift"; sourceTree = "<group>"; };
		01BEA3102BF6A2C60097C915 /* FhirApi+CodeableConcept.swift */ = {isa = PBXFileReference; fileEncoding = 4; lastKnownFileType = sourcecode.swift; path = "FhirApi+CodeableConcept.swift"; sourceTree = "<group>"; };
		01BEA3112BF6A2C60097C915 /* FhirApi+ContactPoint.swift */ = {isa = PBXFileReference; fileEncoding = 4; lastKnownFileType = sourcecode.swift; path = "FhirApi+ContactPoint.swift"; sourceTree = "<group>"; };
		01BEA3122BF6A2C60097C915 /* FhirApi+Duration.swift */ = {isa = PBXFileReference; fileEncoding = 4; lastKnownFileType = sourcecode.swift; path = "FhirApi+Duration.swift"; sourceTree = "<group>"; };
		01BEA3132BF6A2C60097C915 /* FhirApi+Element.swift */ = {isa = PBXFileReference; fileEncoding = 4; lastKnownFileType = sourcecode.swift; path = "FhirApi+Element.swift"; sourceTree = "<group>"; };
		01BEA3142BF6A2C60097C915 /* FhirApi+Expression.swift */ = {isa = PBXFileReference; fileEncoding = 4; lastKnownFileType = sourcecode.swift; path = "FhirApi+Expression.swift"; sourceTree = "<group>"; };
		01BEA3152BF6A2C60097C915 /* FhirApi+ElementDefinition.swift */ = {isa = PBXFileReference; fileEncoding = 4; lastKnownFileType = sourcecode.swift; path = "FhirApi+ElementDefinition.swift"; sourceTree = "<group>"; };
		01BEA3162BF6A2C60097C915 /* FhirApi+MarketingStatus.swift */ = {isa = PBXFileReference; fileEncoding = 4; lastKnownFileType = sourcecode.swift; path = "FhirApi+MarketingStatus.swift"; sourceTree = "<group>"; };
		01BEA3172BF6A2C60097C915 /* FhirApi+Narrative.swift */ = {isa = PBXFileReference; fileEncoding = 4; lastKnownFileType = sourcecode.swift; path = "FhirApi+Narrative.swift"; sourceTree = "<group>"; };
		01BEA3182BF6A2C60097C915 /* FhirApi+Dosage.swift */ = {isa = PBXFileReference; fileEncoding = 4; lastKnownFileType = sourcecode.swift; path = "FhirApi+Dosage.swift"; sourceTree = "<group>"; };
		01BEA3192BF6A2C60097C915 /* FhirApi+ContactDetail.swift */ = {isa = PBXFileReference; fileEncoding = 4; lastKnownFileType = sourcecode.swift; path = "FhirApi+ContactDetail.swift"; sourceTree = "<group>"; };
		01BEA31A2BF6A2C60097C915 /* FhirApi+DataRequirement.swift */ = {isa = PBXFileReference; fileEncoding = 4; lastKnownFileType = sourcecode.swift; path = "FhirApi+DataRequirement.swift"; sourceTree = "<group>"; };
		01BEA31B2BF6A2C60097C915 /* FhirApi+Count.swift */ = {isa = PBXFileReference; fileEncoding = 4; lastKnownFileType = sourcecode.swift; path = "FhirApi+Count.swift"; sourceTree = "<group>"; };
		01BEA31C2BF6A2C70097C915 /* FhirApi+Annotation.swift */ = {isa = PBXFileReference; fileEncoding = 4; lastKnownFileType = sourcecode.swift; path = "FhirApi+Annotation.swift"; sourceTree = "<group>"; };
		01BEA31D2BF6A2C70097C915 /* FhirApi+Age.swift */ = {isa = PBXFileReference; fileEncoding = 4; lastKnownFileType = sourcecode.swift; path = "FhirApi+Age.swift"; sourceTree = "<group>"; };
		01BEA31E2BF6A2C70097C915 /* FhirApi+Distance.swift */ = {isa = PBXFileReference; fileEncoding = 4; lastKnownFileType = sourcecode.swift; path = "FhirApi+Distance.swift"; sourceTree = "<group>"; };
		01BEA33B2BF6A2E00097C915 /* FhirApi+Signature.swift */ = {isa = PBXFileReference; fileEncoding = 4; lastKnownFileType = sourcecode.swift; path = "FhirApi+Signature.swift"; sourceTree = "<group>"; };
		01BEA33C2BF6A2E00097C915 /* FhirApi+Quantity.swift */ = {isa = PBXFileReference; fileEncoding = 4; lastKnownFileType = sourcecode.swift; path = "FhirApi+Quantity.swift"; sourceTree = "<group>"; };
		01BEA33D2BF6A2E10097C915 /* FhirApi+TriggerDefinition.swift */ = {isa = PBXFileReference; fileEncoding = 4; lastKnownFileType = sourcecode.swift; path = "FhirApi+TriggerDefinition.swift"; sourceTree = "<group>"; };
		01BEA33E2BF6A2E10097C915 /* FhirApi+RelatedArtifact.swift */ = {isa = PBXFileReference; fileEncoding = 4; lastKnownFileType = sourcecode.swift; path = "FhirApi+RelatedArtifact.swift"; sourceTree = "<group>"; };
		01BEA33F2BF6A2E10097C915 /* FhirApi+UsageContext.swift */ = {isa = PBXFileReference; fileEncoding = 4; lastKnownFileType = sourcecode.swift; path = "FhirApi+UsageContext.swift"; sourceTree = "<group>"; };
		01BEA3402BF6A2E10097C915 /* FhirApi+Ratio.swift */ = {isa = PBXFileReference; fileEncoding = 4; lastKnownFileType = sourcecode.swift; path = "FhirApi+Ratio.swift"; sourceTree = "<group>"; };
		01BEA3412BF6A2E10097C915 /* FhirDatatype.swift */ = {isa = PBXFileReference; fileEncoding = 4; lastKnownFileType = sourcecode.swift; path = FhirDatatype.swift; sourceTree = "<group>"; };
		01BEA3422BF6A2E10097C915 /* FhirApi+Period.swift */ = {isa = PBXFileReference; fileEncoding = 4; lastKnownFileType = sourcecode.swift; path = "FhirApi+Period.swift"; sourceTree = "<group>"; };
		01BEA3432BF6A2E10097C915 /* FhirApi+Timing.swift */ = {isa = PBXFileReference; fileEncoding = 4; lastKnownFileType = sourcecode.swift; path = "FhirApi+Timing.swift"; sourceTree = "<group>"; };
		01BEA3442BF6A2E10097C915 /* FhirApi+Range.swift */ = {isa = PBXFileReference; fileEncoding = 4; lastKnownFileType = sourcecode.swift; path = "FhirApi+Range.swift"; sourceTree = "<group>"; };
		01BEA3452BF6A2E10097C915 /* FhirApi+ProdCharacteristic.swift */ = {isa = PBXFileReference; fileEncoding = 4; lastKnownFileType = sourcecode.swift; path = "FhirApi+ProdCharacteristic.swift"; sourceTree = "<group>"; };
		01BEA3462BF6A2E10097C915 /* FhirApi+Reference.swift */ = {isa = PBXFileReference; fileEncoding = 4; lastKnownFileType = sourcecode.swift; path = "FhirApi+Reference.swift"; sourceTree = "<group>"; };
		01BEA3472BF6A2E10097C915 /* FhirApi+ProductShelfLife.swift */ = {isa = PBXFileReference; fileEncoding = 4; lastKnownFileType = sourcecode.swift; path = "FhirApi+ProductShelfLife.swift"; sourceTree = "<group>"; };
		01BEA3482BF6A2E10097C915 /* FhirApi+SampledData.swift */ = {isa = PBXFileReference; fileEncoding = 4; lastKnownFileType = sourcecode.swift; path = "FhirApi+SampledData.swift"; sourceTree = "<group>"; };
		01BEA3492BF6A2E10097C915 /* FhirApi+Population.swift */ = {isa = PBXFileReference; fileEncoding = 4; lastKnownFileType = sourcecode.swift; path = "FhirApi+Population.swift"; sourceTree = "<group>"; };
		01BEA34A2BF6A2E10097C915 /* FhirApi+RatioRange.swift */ = {isa = PBXFileReference; fileEncoding = 4; lastKnownFileType = sourcecode.swift; path = "FhirApi+RatioRange.swift"; sourceTree = "<group>"; };
		01BEA35B2BF6A46B0097C915 /* FhirResource.swift */ = {isa = PBXFileReference; fileEncoding = 4; lastKnownFileType = sourcecode.swift; path = FhirResource.swift; sourceTree = "<group>"; };
		01BEA35D2BF6A68C0097C915 /* FhirApi+MedicationStatement.swift */ = {isa = PBXFileReference; fileEncoding = 4; lastKnownFileType = sourcecode.swift; path = "FhirApi+MedicationStatement.swift"; sourceTree = "<group>"; };
		01BEA35F2BF6AACB0097C915 /* FhirApi+WrappedResource.swift */ = {isa = PBXFileReference; fileEncoding = 4; lastKnownFileType = sourcecode.swift; path = "FhirApi+WrappedResource.swift"; sourceTree = "<group>"; };
		01BEA3642BF6C4B40097C915 /* JsonApiClient.swift */ = {isa = PBXFileReference; lastKnownFileType = sourcecode.swift; path = JsonApiClient.swift; sourceTree = "<group>"; };
		01BEA3662BF6C5340097C915 /* SMPApi.swift */ = {isa = PBXFileReference; lastKnownFileType = sourcecode.swift; path = SMPApi.swift; sourceTree = "<group>"; };
		01BEA3682BF717020097C915 /* betsy-patient.json */ = {isa = PBXFileReference; lastKnownFileType = text.json; path = "betsy-patient.json"; sourceTree = "<group>"; };
		01BEA3692BF727240097C915 /* FhirApi+List.swift */ = {isa = PBXFileReference; fileEncoding = 4; lastKnownFileType = sourcecode.swift; path = "FhirApi+List.swift"; sourceTree = "<group>"; };
		01BEA36A2BF727240097C915 /* FhirApi+Medication.swift */ = {isa = PBXFileReference; fileEncoding = 4; lastKnownFileType = sourcecode.swift; path = "FhirApi+Medication.swift"; sourceTree = "<group>"; };
		01BEA36B2BF727240097C915 /* FhirApi+MedicationRequest.swift */ = {isa = PBXFileReference; fileEncoding = 4; lastKnownFileType = sourcecode.swift; path = "FhirApi+MedicationRequest.swift"; sourceTree = "<group>"; };
		01BEA36C2BF727240097C915 /* FhirApi+GlobalEnums.swift */ = {isa = PBXFileReference; fileEncoding = 4; lastKnownFileType = sourcecode.swift; path = "FhirApi+GlobalEnums.swift"; sourceTree = "<group>"; };
		01E493102BF913EF00AA10A3 /* FhirApiResourceParsingTest.swift */ = {isa = PBXFileReference; lastKnownFileType = sourcecode.swift; path = FhirApiResourceParsingTest.swift; sourceTree = "<group>"; };
		01E493122BF9152500AA10A3 /* betsy-patient.json */ = {isa = PBXFileReference; lastKnownFileType = text.json; path = "betsy-patient.json"; sourceTree = "<group>"; };
		01E493152BF9291300AA10A3 /* JSONDecoder+extensions.swift */ = {isa = PBXFileReference; lastKnownFileType = sourcecode.swift; path = "JSONDecoder+extensions.swift"; sourceTree = "<group>"; };
		01E493172BF92D1F00AA10A3 /* med-request.json */ = {isa = PBXFileReference; lastKnownFileType = text.json; path = "med-request.json"; sourceTree = "<group>"; };
		01E493192BF92DC200AA10A3 /* DecoderType.swift */ = {isa = PBXFileReference; lastKnownFileType = sourcecode.swift; path = DecoderType.swift; sourceTree = "<group>"; };
		01E4931C2BF93BE300AA10A3 /* med-statement.json */ = {isa = PBXFileReference; lastKnownFileType = text.json; path = "med-statement.json"; sourceTree = "<group>"; };
		01E4931F2BF9458500AA10A3 /* med-list.json */ = {isa = PBXFileReference; lastKnownFileType = text.json; path = "med-list.json"; sourceTree = "<group>"; };
		01E493262BF9834E00AA10A3 /* PatientAndDrugs.swift */ = {isa = PBXFileReference; lastKnownFileType = sourcecode.swift; path = PatientAndDrugs.swift; sourceTree = "<group>"; };
		01E4932A2BF9954E00AA10A3 /* SelectPatientPanel.swift */ = {isa = PBXFileReference; lastKnownFileType = sourcecode.swift; path = SelectPatientPanel.swift; sourceTree = "<group>"; };
		01E4932C2BF9A93100AA10A3 /* list-summaries.json */ = {isa = PBXFileReference; lastKnownFileType = text.json; path = "list-summaries.json"; sourceTree = "<group>"; };
		01E4932E2BF9B6DE00AA10A3 /* MedListBundle.swift */ = {isa = PBXFileReference; lastKnownFileType = sourcecode.swift; path = MedListBundle.swift; sourceTree = "<group>"; };
		01E493302BFA3FBC00AA10A3 /* med-list-1.json */ = {isa = PBXFileReference; lastKnownFileType = text.json; path = "med-list-1.json"; sourceTree = "<group>"; };
		01E493322BFA406500AA10A3 /* MedicationListPanel.swift */ = {isa = PBXFileReference; lastKnownFileType = sourcecode.swift; path = MedicationListPanel.swift; sourceTree = "<group>"; };
		01E493342BFA5C5D00AA10A3 /* MedicationPanel.swift */ = {isa = PBXFileReference; lastKnownFileType = sourcecode.swift; path = MedicationPanel.swift; sourceTree = "<group>"; };
/* End PBXFileReference section */

/* Begin PBXFrameworksBuildPhase section */
		01BEA2BF2BF68E680097C915 /* Frameworks */ = {
			isa = PBXFrameworksBuildPhase;
			buildActionMask = 2147483647;
			files = (
				01BEA2F72BF69A3E0097C915 /* AppStandard in Frameworks */,
			);
			runOnlyForDeploymentPostprocessing = 0;
		};
		01BEA2D02BF68E6B0097C915 /* Frameworks */ = {
			isa = PBXFrameworksBuildPhase;
			buildActionMask = 2147483647;
			files = (
			);
			runOnlyForDeploymentPostprocessing = 0;
		};
		01BEA2DA2BF68E6B0097C915 /* Frameworks */ = {
			isa = PBXFrameworksBuildPhase;
			buildActionMask = 2147483647;
			files = (
			);
			runOnlyForDeploymentPostprocessing = 0;
		};
/* End PBXFrameworksBuildPhase section */

/* Begin PBXGroup section */
		01BEA2B92BF68E680097C915 = {
			isa = PBXGroup;
			children = (
				01BEA2C42BF68E680097C915 /* Sources */,
				01BEA2D62BF68E6B0097C915 /* Tests */,
				01BEA2E02BF68E6B0097C915 /* UITests */,
				01BEA2C32BF68E680097C915 /* Products */,
			);
			sourceTree = "<group>";
		};
		01BEA2C32BF68E680097C915 /* Products */ = {
			isa = PBXGroup;
			children = (
				01BEA2C22BF68E680097C915 /* SMPClient.app */,
				01BEA2D32BF68E6B0097C915 /* SMPClientTests.xctest */,
				01BEA2DD2BF68E6B0097C915 /* SMPClientUITests.xctest */,
			);
			name = Products;
			sourceTree = "<group>";
		};
		01BEA2C42BF68E680097C915 /* Sources */ = {
			isa = PBXGroup;
			children = (
				01BEA3632BF6C4A20097C915 /* api */,
				01BEA2F22BF693F10097C915 /* fhir-api */,
				01E493242BF9827000AA10A3 /* models */,
				01BEA2F82BF69A930097C915 /* utility */,
				01E493252BF9830C00AA10A3 /* views */,
				01BEA2C52BF68E680097C915 /* SMPClientApp.swift */,
				01BEA2C72BF68E680097C915 /* ContentView.swift */,
				01BEA2C92BF68E6B0097C915 /* Assets.xcassets */,
				01BEA2CB2BF68E6B0097C915 /* SMPClient.entitlements */,
				01BEA2CC2BF68E6B0097C915 /* Preview Content */,
				01BEA2F32BF694170097C915 /* EntryPoint.swift */,
			);
			path = Sources;
			sourceTree = "<group>";
		};
		01BEA2CC2BF68E6B0097C915 /* Preview Content */ = {
			isa = PBXGroup;
			children = (
				01BEA3682BF717020097C915 /* betsy-patient.json */,
				01BEA2CD2BF68E6B0097C915 /* Preview Assets.xcassets */,
				01E4932C2BF9A93100AA10A3 /* list-summaries.json */,
				01E493302BFA3FBC00AA10A3 /* med-list-1.json */,
			);
			path = "Preview Content";
			sourceTree = "<group>";
		};
		01BEA2D62BF68E6B0097C915 /* Tests */ = {
			isa = PBXGroup;
			children = (
				01E4930F2BF9118C00AA10A3 /* support-files */,
				01E4930E2BF9117400AA10A3 /* fhir-api */,
				01BEA2D72BF68E6B0097C915 /* SMPClientTests.swift */,
				01BEA2FF2BF69C280097C915 /* XCTest+extenions.swift */,
			);
			path = Tests;
			sourceTree = "<group>";
		};
		01BEA2E02BF68E6B0097C915 /* UITests */ = {
			isa = PBXGroup;
			children = (
				01BEA2E12BF68E6B0097C915 /* SMPClientUITests.swift */,
				01BEA2E32BF68E6B0097C915 /* SMPClientUITestsLaunchTests.swift */,
			);
			path = UITests;
			sourceTree = "<group>";
		};
		01BEA2F22BF693F10097C915 /* fhir-api */ = {
			isa = PBXGroup;
			children = (
				01BEA30A2BF6A2C60097C915 /* FhirApi.swift */,
				01BEA3412BF6A2E10097C915 /* FhirDatatype.swift */,
				01BEA35B2BF6A46B0097C915 /* FhirResource.swift */,
				01BEA3692BF727240097C915 /* FhirApi+List.swift */,
				01BEA36A2BF727240097C915 /* FhirApi+Medication.swift */,
				01BEA36B2BF727240097C915 /* FhirApi+MedicationRequest.swift */,
				01BEA35D2BF6A68C0097C915 /* FhirApi+MedicationStatement.swift */,
				01BEA3012BF6A2270097C915 /* FhirApi+Patient.swift */,
				01BEA30C2BF6A2C60097C915 /* FhirApi+Address.swift */,
				01BEA31D2BF6A2C70097C915 /* FhirApi+Age.swift */,
				01BEA31C2BF6A2C70097C915 /* FhirApi+Annotation.swift */,
				01BEA30D2BF6A2C60097C915 /* FhirApi+Attachment.swift */,
				01BEA3082BF6A2C60097C915 /* FhirApi+BackboneElement.swift */,
				01BEA3102BF6A2C60097C915 /* FhirApi+CodeableConcept.swift */,
				01BEA30F2BF6A2C60097C915 /* FhirApi+CodeableReference.swift */,
				01BEA30B2BF6A2C60097C915 /* FhirApi+Coding.swift */,
				01BEA3192BF6A2C60097C915 /* FhirApi+ContactDetail.swift */,
				01BEA3112BF6A2C60097C915 /* FhirApi+ContactPoint.swift */,
				01BEA3042BF6A2C60097C915 /* FhirApi+Contributor.swift */,
				01BEA31B2BF6A2C60097C915 /* FhirApi+Count.swift */,
				01BEA31A2BF6A2C60097C915 /* FhirApi+DataRequirement.swift */,
				01BEA31E2BF6A2C70097C915 /* FhirApi+Distance.swift */,
				01BEA3182BF6A2C60097C915 /* FhirApi+Dosage.swift */,
				01BEA3122BF6A2C60097C915 /* FhirApi+Duration.swift */,
				01BEA3132BF6A2C60097C915 /* FhirApi+Element.swift */,
				01BEA3152BF6A2C60097C915 /* FhirApi+ElementDefinition.swift */,
				01BEA3142BF6A2C60097C915 /* FhirApi+Expression.swift */,
				01BEA3092BF6A2C60097C915 /* FhirApi+Extension.swift */,
				01BEA36C2BF727240097C915 /* FhirApi+GlobalEnums.swift */,
				01BEA30E2BF6A2C60097C915 /* FhirApi+HumanName.swift */,
				01BEA3032BF6A2C60097C915 /* FhirApi+Identifier.swift */,
				01BEA3162BF6A2C60097C915 /* FhirApi+MarketingStatus.swift */,
				01BEA3052BF6A2C60097C915 /* FhirApi+Meta.swift */,
				01BEA3062BF6A2C60097C915 /* FhirApi+Money.swift */,
				01BEA3172BF6A2C60097C915 /* FhirApi+Narrative.swift */,
				01BEA3072BF6A2C60097C915 /* FhirApi+ParameterDefinition.swift */,
				01BEA3422BF6A2E10097C915 /* FhirApi+Period.swift */,
				01BEA3492BF6A2E10097C915 /* FhirApi+Population.swift */,
				01BEA3452BF6A2E10097C915 /* FhirApi+ProdCharacteristic.swift */,
				01BEA3472BF6A2E10097C915 /* FhirApi+ProductShelfLife.swift */,
				01BEA33C2BF6A2E00097C915 /* FhirApi+Quantity.swift */,
				01BEA3442BF6A2E10097C915 /* FhirApi+Range.swift */,
				01BEA3402BF6A2E10097C915 /* FhirApi+Ratio.swift */,
				01BEA34A2BF6A2E10097C915 /* FhirApi+RatioRange.swift */,
				01BEA3462BF6A2E10097C915 /* FhirApi+Reference.swift */,
				01BEA33E2BF6A2E10097C915 /* FhirApi+RelatedArtifact.swift */,
				01BEA3482BF6A2E10097C915 /* FhirApi+SampledData.swift */,
				01BEA33B2BF6A2E00097C915 /* FhirApi+Signature.swift */,
				01BEA3432BF6A2E10097C915 /* FhirApi+Timing.swift */,
				01BEA33D2BF6A2E10097C915 /* FhirApi+TriggerDefinition.swift */,
				01BEA33F2BF6A2E10097C915 /* FhirApi+UsageContext.swift */,
				01BEA35F2BF6AACB0097C915 /* FhirApi+WrappedResource.swift */,
			);
			path = "fhir-api";
			sourceTree = "<group>";
		};
		01BEA2F82BF69A930097C915 /* utility */ = {
			isa = PBXGroup;
			children = (
				01BEA2F92BF69AA70097C915 /* Base.swift */,
				01BEA2FD2BF69BB40097C915 /* Bundle+json_load.swift */,
				01BEA2FB2BF69B3A0097C915 /* DateFormatter+extension.swift */,
				01E493152BF9291300AA10A3 /* JSONDecoder+extensions.swift */,
				01E493192BF92DC200AA10A3 /* DecoderType.swift */,
			);
			path = utility;
			sourceTree = "<group>";
		};
		01BEA3632BF6C4A20097C915 /* api */ = {
			isa = PBXGroup;
			children = (
				01BEA3642BF6C4B40097C915 /* JsonApiClient.swift */,
				01BEA3662BF6C5340097C915 /* SMPApi.swift */,
				01E4932E2BF9B6DE00AA10A3 /* MedListBundle.swift */,
			);
			path = api;
			sourceTree = "<group>";
		};
		01E4930E2BF9117400AA10A3 /* fhir-api */ = {
			isa = PBXGroup;
			children = (
				01E493102BF913EF00AA10A3 /* FhirApiResourceParsingTest.swift */,
			);
			path = "fhir-api";
			sourceTree = "<group>";
		};
		01E4930F2BF9118C00AA10A3 /* support-files */ = {
			isa = PBXGroup;
			children = (
				01E493122BF9152500AA10A3 /* betsy-patient.json */,
				01E493172BF92D1F00AA10A3 /* med-request.json */,
				01E4931C2BF93BE300AA10A3 /* med-statement.json */,
				01E4931F2BF9458500AA10A3 /* med-list.json */,
			);
			path = "support-files";
			sourceTree = "<group>";
		};
		01E493242BF9827000AA10A3 /* models */ = {
			isa = PBXGroup;
			children = (
				01E493262BF9834E00AA10A3 /* PatientAndDrugs.swift */,
			);
			path = models;
			sourceTree = "<group>";
		};
		01E493252BF9830C00AA10A3 /* views */ = {
			isa = PBXGroup;
			children = (
				01E4932A2BF9954E00AA10A3 /* SelectPatientPanel.swift */,
				01E493322BFA406500AA10A3 /* MedicationListPanel.swift */,
				01E493342BFA5C5D00AA10A3 /* MedicationPanel.swift */,
			);
			path = views;
			sourceTree = "<group>";
		};
/* End PBXGroup section */

/* Begin PBXNativeTarget section */
		01BEA2C12BF68E680097C915 /* SMPClient */ = {
			isa = PBXNativeTarget;
			buildConfigurationList = 01BEA2E72BF68E6B0097C915 /* Build configuration list for PBXNativeTarget "SMPClient" */;
			buildPhases = (
				01BEA2BE2BF68E680097C915 /* Sources */,
				01BEA2BF2BF68E680097C915 /* Frameworks */,
				01BEA2C02BF68E680097C915 /* Resources */,
			);
			buildRules = (
			);
			dependencies = (
			);
			name = SMPClient;
			packageProductDependencies = (
				01BEA2F62BF69A3E0097C915 /* AppStandard */,
			);
			productName = SMPClient;
			productReference = 01BEA2C22BF68E680097C915 /* SMPClient.app */;
			productType = "com.apple.product-type.application";
		};
		01BEA2D22BF68E6B0097C915 /* SMPClientTests */ = {
			isa = PBXNativeTarget;
			buildConfigurationList = 01BEA2EA2BF68E6B0097C915 /* Build configuration list for PBXNativeTarget "SMPClientTests" */;
			buildPhases = (
				01BEA2CF2BF68E6B0097C915 /* Sources */,
				01BEA2D02BF68E6B0097C915 /* Frameworks */,
				01BEA2D12BF68E6B0097C915 /* Resources */,
			);
			buildRules = (
			);
			dependencies = (
				01BEA2D52BF68E6B0097C915 /* PBXTargetDependency */,
			);
			name = SMPClientTests;
			productName = SMPClientTests;
			productReference = 01BEA2D32BF68E6B0097C915 /* SMPClientTests.xctest */;
			productType = "com.apple.product-type.bundle.unit-test";
		};
		01BEA2DC2BF68E6B0097C915 /* SMPClientUITests */ = {
			isa = PBXNativeTarget;
			buildConfigurationList = 01BEA2ED2BF68E6B0097C915 /* Build configuration list for PBXNativeTarget "SMPClientUITests" */;
			buildPhases = (
				01BEA2D92BF68E6B0097C915 /* Sources */,
				01BEA2DA2BF68E6B0097C915 /* Frameworks */,
				01BEA2DB2BF68E6B0097C915 /* Resources */,
			);
			buildRules = (
			);
			dependencies = (
				01BEA2DF2BF68E6B0097C915 /* PBXTargetDependency */,
			);
			name = SMPClientUITests;
			productName = SMPClientUITests;
			productReference = 01BEA2DD2BF68E6B0097C915 /* SMPClientUITests.xctest */;
			productType = "com.apple.product-type.bundle.ui-testing";
		};
/* End PBXNativeTarget section */

/* Begin PBXProject section */
		01BEA2BA2BF68E680097C915 /* Project object */ = {
			isa = PBXProject;
			attributes = {
				BuildIndependentTargetsInParallel = 1;
				LastSwiftUpdateCheck = 1540;
				LastUpgradeCheck = 1540;
				TargetAttributes = {
					01BEA2C12BF68E680097C915 = {
						CreatedOnToolsVersion = 15.4;
					};
					01BEA2D22BF68E6B0097C915 = {
						CreatedOnToolsVersion = 15.4;
						TestTargetID = 01BEA2C12BF68E680097C915;
					};
					01BEA2DC2BF68E6B0097C915 = {
						CreatedOnToolsVersion = 15.4;
						TestTargetID = 01BEA2C12BF68E680097C915;
					};
				};
			};
			buildConfigurationList = 01BEA2BD2BF68E680097C915 /* Build configuration list for PBXProject "SMPClient" */;
			compatibilityVersion = "Xcode 14.0";
			developmentRegion = en;
			hasScannedForEncodings = 0;
			knownRegions = (
				en,
				Base,
			);
			mainGroup = 01BEA2B92BF68E680097C915;
			packageReferences = (
				01BEA2F52BF69A3E0097C915 /* XCRemoteSwiftPackageReference "AppStandard" */,
			);
			productRefGroup = 01BEA2C32BF68E680097C915 /* Products */;
			projectDirPath = "";
			projectRoot = "";
			targets = (
				01BEA2C12BF68E680097C915 /* SMPClient */,
				01BEA2D22BF68E6B0097C915 /* SMPClientTests */,
				01BEA2DC2BF68E6B0097C915 /* SMPClientUITests */,
			);
		};
/* End PBXProject section */

/* Begin PBXResourcesBuildPhase section */
		01BEA2C02BF68E680097C915 /* Resources */ = {
			isa = PBXResourcesBuildPhase;
			buildActionMask = 2147483647;
			files = (
				01BEA2CE2BF68E6B0097C915 /* Preview Assets.xcassets in Resources */,
				01E493292BF994C300AA10A3 /* betsy-patient.json in Resources */,
				01E4932D2BF9A93100AA10A3 /* list-summaries.json in Resources */,
				01BEA2CA2BF68E6B0097C915 /* Assets.xcassets in Resources */,
				01E493312BFA3FBC00AA10A3 /* med-list-1.json in Resources */,
			);
			runOnlyForDeploymentPostprocessing = 0;
		};
		01BEA2D12BF68E6B0097C915 /* Resources */ = {
			isa = PBXResourcesBuildPhase;
			buildActionMask = 2147483647;
			files = (
				01E493202BF9458500AA10A3 /* med-list.json in Resources */,
				01E4931B2BF936D100AA10A3 /* med-request.json in Resources */,
				01E4931E2BF93E1500AA10A3 /* med-statement.json in Resources */,
				01E493142BF919EB00AA10A3 /* betsy-patient.json in Resources */,
			);
			runOnlyForDeploymentPostprocessing = 0;
		};
		01BEA2DB2BF68E6B0097C915 /* Resources */ = {
			isa = PBXResourcesBuildPhase;
			buildActionMask = 2147483647;
			files = (
			);
			runOnlyForDeploymentPostprocessing = 0;
		};
/* End PBXResourcesBuildPhase section */

/* Begin PBXSourcesBuildPhase section */
		01BEA2BE2BF68E680097C915 /* Sources */ = {
			isa = PBXSourcesBuildPhase;
			buildActionMask = 2147483647;
			files = (
				01BEA35E2BF6A68C0097C915 /* FhirApi+MedicationStatement.swift in Sources */,
				01BEA3582BF6A2E10097C915 /* FhirApi+SampledData.swift in Sources */,
				01BEA34C2BF6A2E10097C915 /* FhirApi+Quantity.swift in Sources */,
				01BEA36E2BF727240097C915 /* FhirApi+Medication.swift in Sources */,
				01BEA3532BF6A2E10097C915 /* FhirApi+Timing.swift in Sources */,
				01BEA32F2BF6A2C70097C915 /* FhirApi+Element.swift in Sources */,
				01BEA3312BF6A2C70097C915 /* FhirApi+ElementDefinition.swift in Sources */,
				01BEA3672BF6C5340097C915 /* SMPApi.swift in Sources */,
				01BEA3292BF6A2C70097C915 /* FhirApi+Attachment.swift in Sources */,
				01BEA3232BF6A2C70097C915 /* FhirApi+ParameterDefinition.swift in Sources */,
				01BEA35A2BF6A2E10097C915 /* FhirApi+RatioRange.swift in Sources */,
				01BEA32B2BF6A2C70097C915 /* FhirApi+CodeableReference.swift in Sources */,
				01BEA3372BF6A2C70097C915 /* FhirApi+Count.swift in Sources */,
				01BEA3612BF6AACB0097C915 /* FhirApi+WrappedResource.swift in Sources */,
				01E4931A2BF92DC200AA10A3 /* DecoderType.swift in Sources */,
				01BEA3552BF6A2E10097C915 /* FhirApi+ProdCharacteristic.swift in Sources */,
				01BEA32D2BF6A2C70097C915 /* FhirApi+ContactPoint.swift in Sources */,
				01BEA3572BF6A2E10097C915 /* FhirApi+ProductShelfLife.swift in Sources */,
				01BEA32A2BF6A2C70097C915 /* FhirApi+HumanName.swift in Sources */,
				01E493282BF986D900AA10A3 /* PatientAndDrugs.swift in Sources */,
				01BEA36F2BF727240097C915 /* FhirApi+MedicationRequest.swift in Sources */,
				01BEA3352BF6A2C70097C915 /* FhirApi+ContactDetail.swift in Sources */,
				01BEA3272BF6A2C70097C915 /* FhirApi+Coding.swift in Sources */,
				01BEA2FA2BF69AA70097C915 /* Base.swift in Sources */,
				01E4932B2BF9954E00AA10A3 /* SelectPatientPanel.swift in Sources */,
				01BEA3512BF6A2E10097C915 /* FhirDatatype.swift in Sources */,
				01BEA32E2BF6A2C70097C915 /* FhirApi+Duration.swift in Sources */,
				01BEA3502BF6A2E10097C915 /* FhirApi+Ratio.swift in Sources */,
				01BEA2C82BF68E680097C915 /* ContentView.swift in Sources */,
				01BEA3222BF6A2C70097C915 /* FhirApi+Money.swift in Sources */,
				01BEA34B2BF6A2E10097C915 /* FhirApi+Signature.swift in Sources */,
				01BEA2FC2BF69B3A0097C915 /* DateFormatter+extension.swift in Sources */,
				01BEA34D2BF6A2E10097C915 /* FhirApi+TriggerDefinition.swift in Sources */,
				01BEA3242BF6A2C70097C915 /* FhirApi+BackboneElement.swift in Sources */,
				01BEA2F42BF694170097C915 /* EntryPoint.swift in Sources */,
				01BEA3542BF6A2E10097C915 /* FhirApi+Range.swift in Sources */,
				01BEA3342BF6A2C70097C915 /* FhirApi+Dosage.swift in Sources */,
				01BEA34F2BF6A2E10097C915 /* FhirApi+UsageContext.swift in Sources */,
				01BEA33A2BF6A2C70097C915 /* FhirApi+Distance.swift in Sources */,
				01BEA31F2BF6A2C70097C915 /* FhirApi+Identifier.swift in Sources */,
				01BEA3262BF6A2C70097C915 /* FhirApi.swift in Sources */,
				01BEA34E2BF6A2E10097C915 /* FhirApi+RelatedArtifact.swift in Sources */,
				01BEA2C62BF68E680097C915 /* SMPClientApp.swift in Sources */,
				01BEA3322BF6A2C70097C915 /* FhirApi+MarketingStatus.swift in Sources */,
				01BEA3522BF6A2E10097C915 /* FhirApi+Period.swift in Sources */,
				01E493162BF9291300AA10A3 /* JSONDecoder+extensions.swift in Sources */,
				01E493352BFA5C5D00AA10A3 /* MedicationPanel.swift in Sources */,
				01BEA3302BF6A2C70097C915 /* FhirApi+Expression.swift in Sources */,
				01BEA3652BF6C4B40097C915 /* JsonApiClient.swift in Sources */,
				01BEA3332BF6A2C70097C915 /* FhirApi+Narrative.swift in Sources */,
				01BEA3592BF6A2E10097C915 /* FhirApi+Population.swift in Sources */,
				01BEA3362BF6A2C70097C915 /* FhirApi+DataRequirement.swift in Sources */,
				01BEA3702BF727240097C915 /* FhirApi+GlobalEnums.swift in Sources */,
				01BEA3212BF6A2C70097C915 /* FhirApi+Meta.swift in Sources */,
				01BEA36D2BF727240097C915 /* FhirApi+List.swift in Sources */,
				01BEA3022BF6A2270097C915 /* FhirApi+Patient.swift in Sources */,
				01BEA3382BF6A2C70097C915 /* FhirApi+Annotation.swift in Sources */,
				01BEA3562BF6A2E10097C915 /* FhirApi+Reference.swift in Sources */,
				01E4932F2BF9B6DE00AA10A3 /* MedListBundle.swift in Sources */,
				01BEA3252BF6A2C70097C915 /* FhirApi+Extension.swift in Sources */,
				01BEA35C2BF6A46B0097C915 /* FhirResource.swift in Sources */,
				01BEA3202BF6A2C70097C915 /* FhirApi+Contributor.swift in Sources */,
				01BEA3282BF6A2C70097C915 /* FhirApi+Address.swift in Sources */,
				01BEA3392BF6A2C70097C915 /* FhirApi+Age.swift in Sources */,
				01E493332BFA406500AA10A3 /* MedicationListPanel.swift in Sources */,
				01BEA32C2BF6A2C70097C915 /* FhirApi+CodeableConcept.swift in Sources */,
				01BEA2FE2BF69BB40097C915 /* Bundle+json_load.swift in Sources */,
			);
			runOnlyForDeploymentPostprocessing = 0;
		};
		01BEA2CF2BF68E6B0097C915 /* Sources */ = {
			isa = PBXSourcesBuildPhase;
			buildActionMask = 2147483647;
			files = (
				01BEA3002BF69C280097C915 /* XCTest+extenions.swift in Sources */,
				01E493112BF913EF00AA10A3 /* FhirApiResourceParsingTest.swift in Sources */,
				01BEA2D82BF68E6B0097C915 /* SMPClientTests.swift in Sources */,
			);
			runOnlyForDeploymentPostprocessing = 0;
		};
		01BEA2D92BF68E6B0097C915 /* Sources */ = {
			isa = PBXSourcesBuildPhase;
			buildActionMask = 2147483647;
			files = (
				01BEA2E42BF68E6B0097C915 /* SMPClientUITestsLaunchTests.swift in Sources */,
				01BEA2E22BF68E6B0097C915 /* SMPClientUITests.swift in Sources */,
			);
			runOnlyForDeploymentPostprocessing = 0;
		};
/* End PBXSourcesBuildPhase section */

/* Begin PBXTargetDependency section */
		01BEA2D52BF68E6B0097C915 /* PBXTargetDependency */ = {
			isa = PBXTargetDependency;
			target = 01BEA2C12BF68E680097C915 /* SMPClient */;
			targetProxy = 01BEA2D42BF68E6B0097C915 /* PBXContainerItemProxy */;
		};
		01BEA2DF2BF68E6B0097C915 /* PBXTargetDependency */ = {
			isa = PBXTargetDependency;
			target = 01BEA2C12BF68E680097C915 /* SMPClient */;
			targetProxy = 01BEA2DE2BF68E6B0097C915 /* PBXContainerItemProxy */;
		};
/* End PBXTargetDependency section */

/* Begin XCBuildConfiguration section */
		01BEA2E52BF68E6B0097C915 /* Debug */ = {
			isa = XCBuildConfiguration;
			buildSettings = {
				ALWAYS_SEARCH_USER_PATHS = NO;
				ASSETCATALOG_COMPILER_GENERATE_SWIFT_ASSET_SYMBOL_EXTENSIONS = YES;
				CLANG_ANALYZER_NONNULL = YES;
				CLANG_ANALYZER_NUMBER_OBJECT_CONVERSION = YES_AGGRESSIVE;
				CLANG_CXX_LANGUAGE_STANDARD = "gnu++20";
				CLANG_ENABLE_MODULES = YES;
				CLANG_ENABLE_OBJC_ARC = YES;
				CLANG_ENABLE_OBJC_WEAK = YES;
				CLANG_WARN_BLOCK_CAPTURE_AUTORELEASING = YES;
				CLANG_WARN_BOOL_CONVERSION = YES;
				CLANG_WARN_COMMA = YES;
				CLANG_WARN_CONSTANT_CONVERSION = YES;
				CLANG_WARN_DEPRECATED_OBJC_IMPLEMENTATIONS = YES;
				CLANG_WARN_DIRECT_OBJC_ISA_USAGE = YES_ERROR;
				CLANG_WARN_DOCUMENTATION_COMMENTS = YES;
				CLANG_WARN_EMPTY_BODY = YES;
				CLANG_WARN_ENUM_CONVERSION = YES;
				CLANG_WARN_INFINITE_RECURSION = YES;
				CLANG_WARN_INT_CONVERSION = YES;
				CLANG_WARN_NON_LITERAL_NULL_CONVERSION = YES;
				CLANG_WARN_OBJC_IMPLICIT_RETAIN_SELF = YES;
				CLANG_WARN_OBJC_LITERAL_CONVERSION = YES;
				CLANG_WARN_OBJC_ROOT_CLASS = YES_ERROR;
				CLANG_WARN_QUOTED_INCLUDE_IN_FRAMEWORK_HEADER = YES;
				CLANG_WARN_RANGE_LOOP_ANALYSIS = YES;
				CLANG_WARN_STRICT_PROTOTYPES = YES;
				CLANG_WARN_SUSPICIOUS_MOVE = YES;
				CLANG_WARN_UNGUARDED_AVAILABILITY = YES_AGGRESSIVE;
				CLANG_WARN_UNREACHABLE_CODE = YES;
				CLANG_WARN__DUPLICATE_METHOD_MATCH = YES;
				COPY_PHASE_STRIP = NO;
				DEBUG_INFORMATION_FORMAT = dwarf;
				ENABLE_STRICT_OBJC_MSGSEND = YES;
				ENABLE_TESTABILITY = YES;
				ENABLE_USER_SCRIPT_SANDBOXING = YES;
				GCC_C_LANGUAGE_STANDARD = gnu17;
				GCC_DYNAMIC_NO_PIC = NO;
				GCC_NO_COMMON_BLOCKS = YES;
				GCC_OPTIMIZATION_LEVEL = 0;
				GCC_PREPROCESSOR_DEFINITIONS = (
					"DEBUG=1",
					"$(inherited)",
				);
				GCC_WARN_64_TO_32_BIT_CONVERSION = YES;
				GCC_WARN_ABOUT_RETURN_TYPE = YES_ERROR;
				GCC_WARN_UNDECLARED_SELECTOR = YES;
				GCC_WARN_UNINITIALIZED_AUTOS = YES_AGGRESSIVE;
				GCC_WARN_UNUSED_FUNCTION = YES;
				GCC_WARN_UNUSED_VARIABLE = YES;
				LOCALIZATION_PREFERS_STRING_CATALOGS = YES;
				MTL_ENABLE_DEBUG_INFO = INCLUDE_SOURCE;
				MTL_FAST_MATH = YES;
				ONLY_ACTIVE_ARCH = YES;
				SWIFT_ACTIVE_COMPILATION_CONDITIONS = "DEBUG $(inherited)";
				SWIFT_OPTIMIZATION_LEVEL = "-Onone";
			};
			name = Debug;
		};
		01BEA2E62BF68E6B0097C915 /* Release */ = {
			isa = XCBuildConfiguration;
			buildSettings = {
				ALWAYS_SEARCH_USER_PATHS = NO;
				ASSETCATALOG_COMPILER_GENERATE_SWIFT_ASSET_SYMBOL_EXTENSIONS = YES;
				CLANG_ANALYZER_NONNULL = YES;
				CLANG_ANALYZER_NUMBER_OBJECT_CONVERSION = YES_AGGRESSIVE;
				CLANG_CXX_LANGUAGE_STANDARD = "gnu++20";
				CLANG_ENABLE_MODULES = YES;
				CLANG_ENABLE_OBJC_ARC = YES;
				CLANG_ENABLE_OBJC_WEAK = YES;
				CLANG_WARN_BLOCK_CAPTURE_AUTORELEASING = YES;
				CLANG_WARN_BOOL_CONVERSION = YES;
				CLANG_WARN_COMMA = YES;
				CLANG_WARN_CONSTANT_CONVERSION = YES;
				CLANG_WARN_DEPRECATED_OBJC_IMPLEMENTATIONS = YES;
				CLANG_WARN_DIRECT_OBJC_ISA_USAGE = YES_ERROR;
				CLANG_WARN_DOCUMENTATION_COMMENTS = YES;
				CLANG_WARN_EMPTY_BODY = YES;
				CLANG_WARN_ENUM_CONVERSION = YES;
				CLANG_WARN_INFINITE_RECURSION = YES;
				CLANG_WARN_INT_CONVERSION = YES;
				CLANG_WARN_NON_LITERAL_NULL_CONVERSION = YES;
				CLANG_WARN_OBJC_IMPLICIT_RETAIN_SELF = YES;
				CLANG_WARN_OBJC_LITERAL_CONVERSION = YES;
				CLANG_WARN_OBJC_ROOT_CLASS = YES_ERROR;
				CLANG_WARN_QUOTED_INCLUDE_IN_FRAMEWORK_HEADER = YES;
				CLANG_WARN_RANGE_LOOP_ANALYSIS = YES;
				CLANG_WARN_STRICT_PROTOTYPES = YES;
				CLANG_WARN_SUSPICIOUS_MOVE = YES;
				CLANG_WARN_UNGUARDED_AVAILABILITY = YES_AGGRESSIVE;
				CLANG_WARN_UNREACHABLE_CODE = YES;
				CLANG_WARN__DUPLICATE_METHOD_MATCH = YES;
				COPY_PHASE_STRIP = NO;
				DEBUG_INFORMATION_FORMAT = "dwarf-with-dsym";
				ENABLE_NS_ASSERTIONS = NO;
				ENABLE_STRICT_OBJC_MSGSEND = YES;
				ENABLE_USER_SCRIPT_SANDBOXING = YES;
				GCC_C_LANGUAGE_STANDARD = gnu17;
				GCC_NO_COMMON_BLOCKS = YES;
				GCC_WARN_64_TO_32_BIT_CONVERSION = YES;
				GCC_WARN_ABOUT_RETURN_TYPE = YES_ERROR;
				GCC_WARN_UNDECLARED_SELECTOR = YES;
				GCC_WARN_UNINITIALIZED_AUTOS = YES_AGGRESSIVE;
				GCC_WARN_UNUSED_FUNCTION = YES;
				GCC_WARN_UNUSED_VARIABLE = YES;
				LOCALIZATION_PREFERS_STRING_CATALOGS = YES;
				MTL_ENABLE_DEBUG_INFO = NO;
				MTL_FAST_MATH = YES;
				SWIFT_COMPILATION_MODE = wholemodule;
			};
			name = Release;
		};
		01BEA2E82BF68E6B0097C915 /* Debug */ = {
			isa = XCBuildConfiguration;
			buildSettings = {
				ASSETCATALOG_COMPILER_APPICON_NAME = AppIcon;
				ASSETCATALOG_COMPILER_GLOBAL_ACCENT_COLOR_NAME = AccentColor;
				CODE_SIGN_ENTITLEMENTS = Sources/SMPClient.entitlements;
				"CODE_SIGN_IDENTITY[sdk=macosx*]" = "Apple Development";
				CODE_SIGN_STYLE = Automatic;
				CURRENT_PROJECT_VERSION = 1;
				DEVELOPMENT_ASSET_PATHS = "Sources/Preview\\ Content Sources/Preview\\ Content/betsy-patient.json";
				DEVELOPMENT_TEAM = LR5W9MSDE2;
				ENABLE_HARDENED_RUNTIME = YES;
				ENABLE_PREVIEWS = YES;
				GENERATE_INFOPLIST_FILE = YES;
				"INFOPLIST_KEY_UIApplicationSceneManifest_Generation[sdk=iphoneos*]" = YES;
				"INFOPLIST_KEY_UIApplicationSceneManifest_Generation[sdk=iphonesimulator*]" = YES;
				"INFOPLIST_KEY_UIApplicationSupportsIndirectInputEvents[sdk=iphoneos*]" = YES;
				"INFOPLIST_KEY_UIApplicationSupportsIndirectInputEvents[sdk=iphonesimulator*]" = YES;
				"INFOPLIST_KEY_UILaunchScreen_Generation[sdk=iphoneos*]" = YES;
				"INFOPLIST_KEY_UILaunchScreen_Generation[sdk=iphonesimulator*]" = YES;
				"INFOPLIST_KEY_UIStatusBarStyle[sdk=iphoneos*]" = UIStatusBarStyleDefault;
				"INFOPLIST_KEY_UIStatusBarStyle[sdk=iphonesimulator*]" = UIStatusBarStyleDefault;
				INFOPLIST_KEY_UISupportedInterfaceOrientations_iPad = "UIInterfaceOrientationPortrait UIInterfaceOrientationPortraitUpsideDown UIInterfaceOrientationLandscapeLeft UIInterfaceOrientationLandscapeRight";
				INFOPLIST_KEY_UISupportedInterfaceOrientations_iPhone = "UIInterfaceOrientationPortrait UIInterfaceOrientationLandscapeLeft UIInterfaceOrientationLandscapeRight";
				IPHONEOS_DEPLOYMENT_TARGET = 17.5;
				LD_RUNPATH_SEARCH_PATHS = "@executable_path/Frameworks";
				"LD_RUNPATH_SEARCH_PATHS[sdk=macosx*]" = "@executable_path/../Frameworks";
				MACOSX_DEPLOYMENT_TARGET = 14.5;
				MARKETING_VERSION = 1.0;
				PRODUCT_BUNDLE_IDENTIFIER = ca.canasoftware.SMPClient;
				PRODUCT_NAME = "$(TARGET_NAME)";
				SDKROOT = auto;
				SUPPORTED_PLATFORMS = "iphoneos iphonesimulator macosx";
				SWIFT_EMIT_LOC_STRINGS = YES;
				SWIFT_VERSION = 5.0;
				TARGETED_DEVICE_FAMILY = "1,2";
			};
			name = Debug;
		};
		01BEA2E92BF68E6B0097C915 /* Release */ = {
			isa = XCBuildConfiguration;
			buildSettings = {
				ASSETCATALOG_COMPILER_APPICON_NAME = AppIcon;
				ASSETCATALOG_COMPILER_GLOBAL_ACCENT_COLOR_NAME = AccentColor;
				CODE_SIGN_ENTITLEMENTS = Sources/SMPClient.entitlements;
				"CODE_SIGN_IDENTITY[sdk=macosx*]" = "Apple Development";
				CODE_SIGN_STYLE = Automatic;
				CURRENT_PROJECT_VERSION = 1;
				DEVELOPMENT_ASSET_PATHS = "Sources/Preview\\ Content Sources/Preview\\ Content/betsy-patient.json";
				DEVELOPMENT_TEAM = LR5W9MSDE2;
				ENABLE_HARDENED_RUNTIME = YES;
				ENABLE_PREVIEWS = YES;
				GENERATE_INFOPLIST_FILE = YES;
				"INFOPLIST_KEY_UIApplicationSceneManifest_Generation[sdk=iphoneos*]" = YES;
				"INFOPLIST_KEY_UIApplicationSceneManifest_Generation[sdk=iphonesimulator*]" = YES;
				"INFOPLIST_KEY_UIApplicationSupportsIndirectInputEvents[sdk=iphoneos*]" = YES;
				"INFOPLIST_KEY_UIApplicationSupportsIndirectInputEvents[sdk=iphonesimulator*]" = YES;
				"INFOPLIST_KEY_UILaunchScreen_Generation[sdk=iphoneos*]" = YES;
				"INFOPLIST_KEY_UILaunchScreen_Generation[sdk=iphonesimulator*]" = YES;
				"INFOPLIST_KEY_UIStatusBarStyle[sdk=iphoneos*]" = UIStatusBarStyleDefault;
				"INFOPLIST_KEY_UIStatusBarStyle[sdk=iphonesimulator*]" = UIStatusBarStyleDefault;
				INFOPLIST_KEY_UISupportedInterfaceOrientations_iPad = "UIInterfaceOrientationPortrait UIInterfaceOrientationPortraitUpsideDown UIInterfaceOrientationLandscapeLeft UIInterfaceOrientationLandscapeRight";
				INFOPLIST_KEY_UISupportedInterfaceOrientations_iPhone = "UIInterfaceOrientationPortrait UIInterfaceOrientationLandscapeLeft UIInterfaceOrientationLandscapeRight";
				IPHONEOS_DEPLOYMENT_TARGET = 17.5;
				LD_RUNPATH_SEARCH_PATHS = "@executable_path/Frameworks";
				"LD_RUNPATH_SEARCH_PATHS[sdk=macosx*]" = "@executable_path/../Frameworks";
				MACOSX_DEPLOYMENT_TARGET = 14.5;
				MARKETING_VERSION = 1.0;
				PRODUCT_BUNDLE_IDENTIFIER = ca.canasoftware.SMPClient;
				PRODUCT_NAME = "$(TARGET_NAME)";
				SDKROOT = auto;
				SUPPORTED_PLATFORMS = "iphoneos iphonesimulator macosx";
				SWIFT_EMIT_LOC_STRINGS = YES;
				SWIFT_VERSION = 5.0;
				TARGETED_DEVICE_FAMILY = "1,2";
			};
			name = Release;
		};
		01BEA2EB2BF68E6B0097C915 /* Debug */ = {
			isa = XCBuildConfiguration;
			buildSettings = {
				ALWAYS_EMBED_SWIFT_STANDARD_LIBRARIES = YES;
				BUNDLE_LOADER = "$(TEST_HOST)";
				CODE_SIGN_STYLE = Automatic;
				CURRENT_PROJECT_VERSION = 1;
				DEVELOPMENT_TEAM = LR5W9MSDE2;
				GENERATE_INFOPLIST_FILE = YES;
				IPHONEOS_DEPLOYMENT_TARGET = 17.5;
				MACOSX_DEPLOYMENT_TARGET = 14.5;
				MARKETING_VERSION = 1.0;
				PRODUCT_BUNDLE_IDENTIFIER = ca.canasoftware.SMPClientTests;
				PRODUCT_NAME = "$(TARGET_NAME)";
				SDKROOT = auto;
				SUPPORTED_PLATFORMS = "iphoneos iphonesimulator macosx";
				SWIFT_EMIT_LOC_STRINGS = NO;
				SWIFT_VERSION = 5.0;
				TARGETED_DEVICE_FAMILY = "1,2";
				TEST_HOST = "$(BUILT_PRODUCTS_DIR)/SMPClient.app/$(BUNDLE_EXECUTABLE_FOLDER_PATH)/SMPClient";
			};
			name = Debug;
		};
		01BEA2EC2BF68E6B0097C915 /* Release */ = {
			isa = XCBuildConfiguration;
			buildSettings = {
				ALWAYS_EMBED_SWIFT_STANDARD_LIBRARIES = YES;
				BUNDLE_LOADER = "$(TEST_HOST)";
				CODE_SIGN_STYLE = Automatic;
				CURRENT_PROJECT_VERSION = 1;
				DEVELOPMENT_TEAM = LR5W9MSDE2;
				GENERATE_INFOPLIST_FILE = YES;
				IPHONEOS_DEPLOYMENT_TARGET = 17.5;
				MACOSX_DEPLOYMENT_TARGET = 14.5;
				MARKETING_VERSION = 1.0;
				PRODUCT_BUNDLE_IDENTIFIER = ca.canasoftware.SMPClientTests;
				PRODUCT_NAME = "$(TARGET_NAME)";
				SDKROOT = auto;
				SUPPORTED_PLATFORMS = "iphoneos iphonesimulator macosx";
				SWIFT_EMIT_LOC_STRINGS = NO;
				SWIFT_VERSION = 5.0;
				TARGETED_DEVICE_FAMILY = "1,2";
				TEST_HOST = "$(BUILT_PRODUCTS_DIR)/SMPClient.app/$(BUNDLE_EXECUTABLE_FOLDER_PATH)/SMPClient";
			};
			name = Release;
		};
		01BEA2EE2BF68E6B0097C915 /* Debug */ = {
			isa = XCBuildConfiguration;
			buildSettings = {
				ALWAYS_EMBED_SWIFT_STANDARD_LIBRARIES = YES;
				CODE_SIGN_STYLE = Automatic;
				CURRENT_PROJECT_VERSION = 1;
				DEVELOPMENT_TEAM = LR5W9MSDE2;
				GENERATE_INFOPLIST_FILE = YES;
				IPHONEOS_DEPLOYMENT_TARGET = 17.5;
				MACOSX_DEPLOYMENT_TARGET = 14.5;
				MARKETING_VERSION = 1.0;
				PRODUCT_BUNDLE_IDENTIFIER = ca.canasoftware.SMPClientUITests;
				PRODUCT_NAME = "$(TARGET_NAME)";
				SDKROOT = auto;
				SUPPORTED_PLATFORMS = "iphoneos iphonesimulator macosx";
				SWIFT_EMIT_LOC_STRINGS = NO;
				SWIFT_VERSION = 5.0;
				TARGETED_DEVICE_FAMILY = "1,2";
				TEST_TARGET_NAME = SMPClient;
			};
			name = Debug;
		};
		01BEA2EF2BF68E6B0097C915 /* Release */ = {
			isa = XCBuildConfiguration;
			buildSettings = {
				ALWAYS_EMBED_SWIFT_STANDARD_LIBRARIES = YES;
				CODE_SIGN_STYLE = Automatic;
				CURRENT_PROJECT_VERSION = 1;
				DEVELOPMENT_TEAM = LR5W9MSDE2;
				GENERATE_INFOPLIST_FILE = YES;
				IPHONEOS_DEPLOYMENT_TARGET = 17.5;
				MACOSX_DEPLOYMENT_TARGET = 14.5;
				MARKETING_VERSION = 1.0;
				PRODUCT_BUNDLE_IDENTIFIER = ca.canasoftware.SMPClientUITests;
				PRODUCT_NAME = "$(TARGET_NAME)";
				SDKROOT = auto;
				SUPPORTED_PLATFORMS = "iphoneos iphonesimulator macosx";
				SWIFT_EMIT_LOC_STRINGS = NO;
				SWIFT_VERSION = 5.0;
				TARGETED_DEVICE_FAMILY = "1,2";
				TEST_TARGET_NAME = SMPClient;
			};
			name = Release;
		};
/* End XCBuildConfiguration section */

/* Begin XCConfigurationList section */
		01BEA2BD2BF68E680097C915 /* Build configuration list for PBXProject "SMPClient" */ = {
			isa = XCConfigurationList;
			buildConfigurations = (
				01BEA2E52BF68E6B0097C915 /* Debug */,
				01BEA2E62BF68E6B0097C915 /* Release */,
			);
			defaultConfigurationIsVisible = 0;
			defaultConfigurationName = Release;
		};
		01BEA2E72BF68E6B0097C915 /* Build configuration list for PBXNativeTarget "SMPClient" */ = {
			isa = XCConfigurationList;
			buildConfigurations = (
				01BEA2E82BF68E6B0097C915 /* Debug */,
				01BEA2E92BF68E6B0097C915 /* Release */,
			);
			defaultConfigurationIsVisible = 0;
			defaultConfigurationName = Release;
		};
		01BEA2EA2BF68E6B0097C915 /* Build configuration list for PBXNativeTarget "SMPClientTests" */ = {
			isa = XCConfigurationList;
			buildConfigurations = (
				01BEA2EB2BF68E6B0097C915 /* Debug */,
				01BEA2EC2BF68E6B0097C915 /* Release */,
			);
			defaultConfigurationIsVisible = 0;
			defaultConfigurationName = Release;
		};
		01BEA2ED2BF68E6B0097C915 /* Build configuration list for PBXNativeTarget "SMPClientUITests" */ = {
			isa = XCConfigurationList;
			buildConfigurations = (
				01BEA2EE2BF68E6B0097C915 /* Debug */,
				01BEA2EF2BF68E6B0097C915 /* Release */,
			);
			defaultConfigurationIsVisible = 0;
			defaultConfigurationName = Release;
		};
/* End XCConfigurationList section */

/* Begin XCRemoteSwiftPackageReference section */
		01BEA2F52BF69A3E0097C915 /* XCRemoteSwiftPackageReference "AppStandard" */ = {
			isa = XCRemoteSwiftPackageReference;
			repositoryURL = "https://github.com/astechishin/AppStandard";
			requirement = {
				branch = main;
				kind = branch;
			};
		};
/* End XCRemoteSwiftPackageReference section */

/* Begin XCSwiftPackageProductDependency section */
		01BEA2F62BF69A3E0097C915 /* AppStandard */ = {
			isa = XCSwiftPackageProductDependency;
			package = 01BEA2F52BF69A3E0097C915 /* XCRemoteSwiftPackageReference "AppStandard" */;
			productName = AppStandard;
		};
/* End XCSwiftPackageProductDependency section */
	};
	rootObject = 01BEA2BA2BF68E680097C915 /* Project object */;
}
